
Microsoft Visual Studio Solution File, Format Version 12.00
# Visual Studio Version 17
VisualStudioVersion = 17.2.32630.192
MinimumVisualStudioVersion = 10.0.40219.1
Project("{9A19103F-16F7-4668-BE54-9A1E7A4F7556}") = "Class", "EnginDemirogNotes\Class.csproj", "{D98026B8-7EF6-4D90-BBFF-F0C6CCB585E9}"
EndProject
Project("{2150E333-8FDC-42A3-9474-1A3956D46DE8}") = "Abstract", "Abstract", "{4D0C6AEF-2726-4CDA-A589-050A6ECF5398}"
EndProject
Project("{2150E333-8FDC-42A3-9474-1A3956D46DE8}") = "AccessModifiers", "AccessModifiers", "{7D1FAF1E-90DD-4F95-BD75-F4684B7B2809}"
EndProject
Project("{9A19103F-16F7-4668-BE54-9A1E7A4F7556}") = "AccessModifiers", "AccessModifiers\AccessModifiers.csproj", "{1F442847-F870-4BFF-A2C8-3F4D588E53CA}"
EndProject
Project("{2150E333-8FDC-42A3-9474-1A3956D46DE8}") = "AdoNetDemo", "AdoNetDemo", "{6C46EAC2-5F42-4A72-8288-425937742E23}"
EndProject
Project("{2150E333-8FDC-42A3-9474-1A3956D46DE8}") = "Attribute", "Attribute", "{75CACEB6-A1B3-4744-9C2E-EC1053C62552}"
EndProject
Project("{2150E333-8FDC-42A3-9474-1A3956D46DE8}") = "Attribute1", "Attribute1", "{1E722D16-515D-4BAA-8AE3-788897607D54}"
EndProject
Project("{2150E333-8FDC-42A3-9474-1A3956D46DE8}") = "Attribute2", "Attribute2", "{93B216F4-FD69-428C-A88E-22582F72BF60}"
EndProject
Project("{9A19103F-16F7-4668-BE54-9A1E7A4F7556}") = "Attribute1", "Attribute1\Attribute1.csproj", "{BD9CB582-7DD0-4DE5-89A6-A534A1286014}"
EndProject
Project("{9A19103F-16F7-4668-BE54-9A1E7A4F7556}") = "Attribute2", "Attribute2\Attribute2.csproj", "{1AA028D0-A079-4E74-8513-83CBD558C40A}"
EndProject
Project("{2150E333-8FDC-42A3-9474-1A3956D46DE8}") = "Class", "Class", "{2B6091A5-FFD1-42AF-9F6C-5C081F92A993}"
EndProject
Project("{9A19103F-16F7-4668-BE54-9A1E7A4F7556}") = "Classes", "Classes\Classes.csproj", "{DBBEDB79-F572-4EB9-A771-AF37AA77B6F7}"
EndProject
Project("{2150E333-8FDC-42A3-9474-1A3956D46DE8}") = "Collections", "Collections", "{381CFAC0-AF07-4345-90F1-0AF8BC7F4D21}"
	ProjectSection(SolutionItems) = preProject
		..\..\EnginDemirog\Collection\CollectionsTypeSafety\Program.cs = ..\..\EnginDemirog\Collection\CollectionsTypeSafety\Program.cs
	EndProjectSection
EndProject
Project("{2150E333-8FDC-42A3-9474-1A3956D46DE8}") = "Collection1", "Collection1", "{EEA4ACF5-86C7-4482-8BA1-F1338B112FCA}"
EndProject
Project("{2150E333-8FDC-42A3-9474-1A3956D46DE8}") = "Collection2", "Collection2", "{695E5AD3-33D2-4A99-9818-C28B6A772378}"
EndProject
Project("{2150E333-8FDC-42A3-9474-1A3956D46DE8}") = "Collection3", "Collection3", "{46D2D57E-6D67-49F1-AFFA-B493F2708C49}"
EndProject
Project("{2150E333-8FDC-42A3-9474-1A3956D46DE8}") = "Collection4", "Collection4", "{0B9C5004-1001-4EB8-B24E-A64A5479E4E0}"
EndProject
Project("{9A19103F-16F7-4668-BE54-9A1E7A4F7556}") = "Col1", "Col1\Col1.csproj", "{C81BFB9B-2CEF-4506-B6B2-7E837A6A8863}"
EndProject
Project("{9A19103F-16F7-4668-BE54-9A1E7A4F7556}") = "Col2", "Col2\Col2.csproj", "{B5DAD1E6-8653-4665-A714-77DCC4E69CD1}"
EndProject
Project("{9A19103F-16F7-4668-BE54-9A1E7A4F7556}") = "Col3", "Col3\Col3.csproj", "{05B65BE6-6E60-4587-B561-171E424034D9}"
EndProject
Project("{9A19103F-16F7-4668-BE54-9A1E7A4F7556}") = "Col4", "Col4\Col4.csproj", "{AEDE5AC4-F0EC-48FC-B247-BFD51B6A7FE8}"
EndProject
Project("{2150E333-8FDC-42A3-9474-1A3956D46DE8}") = "Constructors", "Constructors", "{67807707-230C-4F1E-9C95-831CB0332F35}"
EndProject
Project("{2150E333-8FDC-42A3-9474-1A3956D46DE8}") = "Constructor1", "Constructor1", "{0815E4AD-97EA-457B-8CCC-1B53075A084E}"
EndProject
Project("{2150E333-8FDC-42A3-9474-1A3956D46DE8}") = "Constructor2", "Constructor2", "{4AC2B77E-AF67-4692-ADB8-633FC7B2332E}"
EndProject
Project("{2150E333-8FDC-42A3-9474-1A3956D46DE8}") = "Constructor3", "Constructor3", "{BDABA529-EC19-4F97-9A89-332CD93B7C18}"
EndProject
Project("{2150E333-8FDC-42A3-9474-1A3956D46DE8}") = "Constructor4", "Constructor4", "{3D980500-B11C-44C6-9388-D443281EEE79}"
EndProject
Project("{2150E333-8FDC-42A3-9474-1A3956D46DE8}") = "Constructor5", "Constructor5", "{A14AA206-254C-4E35-92D8-3C37148D3138}"
EndProject
Project("{9A19103F-16F7-4668-BE54-9A1E7A4F7556}") = "Cons1", "Cons1\Cons1.csproj", "{D92E16F3-2EBF-4B0E-9DAA-314EBC852EB3}"
EndProject
Project("{9A19103F-16F7-4668-BE54-9A1E7A4F7556}") = "Cons2", "Cons2\Cons2.csproj", "{152BAD2C-0023-406D-A9A2-319D4EABD003}"
EndProject
Project("{9A19103F-16F7-4668-BE54-9A1E7A4F7556}") = "Cons3", "Cons3\Cons3.csproj", "{3085C2FD-4044-4DEC-AFD6-F262F11BE09D}"
EndProject
Project("{9A19103F-16F7-4668-BE54-9A1E7A4F7556}") = "Cons4", "Cons4\Cons4.csproj", "{CFD1012B-9305-4B6D-BB08-CBE1E0A2F96C}"
EndProject
Project("{9A19103F-16F7-4668-BE54-9A1E7A4F7556}") = "Cons5", "Cons5\Cons5.csproj", "{CCFD2455-8EC6-4C95-A20F-4921743E0237}"
EndProject
Project("{2150E333-8FDC-42A3-9474-1A3956D46DE8}") = "Exception", "Exception", "{F6E4A0D0-7B26-435B-BC30-F051ADA406E1}"
EndProject
Project("{2150E333-8FDC-42A3-9474-1A3956D46DE8}") = "Exception1", "Exception1", "{C08E6624-EBB6-468D-8F84-143AAE574E3C}"
EndProject
Project("{2150E333-8FDC-42A3-9474-1A3956D46DE8}") = "Exception2", "Exception2", "{26FC4FF9-84EF-43DC-BFF3-A76A8F952E23}"
EndProject
Project("{2150E333-8FDC-42A3-9474-1A3956D46DE8}") = "Exception3", "Exception3", "{88389EB7-849D-44CF-9717-D908294F9F35}"
EndProject
Project("{9A19103F-16F7-4668-BE54-9A1E7A4F7556}") = "Exc1", "Exc1\Exc1.csproj", "{988B8515-C9E6-45F4-9EA0-8FAFA53B3E94}"
EndProject
Project("{9A19103F-16F7-4668-BE54-9A1E7A4F7556}") = "Exc2", "Exc2\Exc2.csproj", "{A4BE1678-848E-4037-920A-F7D01C1997B1}"
EndProject
Project("{9A19103F-16F7-4668-BE54-9A1E7A4F7556}") = "Exc3", "Exc3\Exc3.csproj", "{94695828-06DD-49BF-89CD-4FF18C505B4E}"
EndProject
Project("{2150E333-8FDC-42A3-9474-1A3956D46DE8}") = "Generic", "Generic", "{E760B234-E02F-4B00-9C59-31790ACD7384}"
EndProject
Project("{2150E333-8FDC-42A3-9474-1A3956D46DE8}") = "Generics", "Generics", "{3CB162DE-6B57-40F3-A49A-7D479A0FF58C}"
EndProject
Project("{2150E333-8FDC-42A3-9474-1A3956D46DE8}") = "GenericsConstraits", "GenericsConstraits", "{DDF11A9F-2750-43A8-B0E2-547334CBA8D5}"
EndProject
Project("{2150E333-8FDC-42A3-9474-1A3956D46DE8}") = "GenericsMethods", "GenericsMethods", "{3D899A9F-B6D7-4689-94A2-9C080C63C2E7}"
EndProject
Project("{9A19103F-16F7-4668-BE54-9A1E7A4F7556}") = "ConsoleApp1", "ConsoleApp1\ConsoleApp1.csproj", "{98DF67CD-2FFA-4856-9A4F-403AD41E76CA}"
EndProject
Project("{9A19103F-16F7-4668-BE54-9A1E7A4F7556}") = "ConsoleApp2", "ConsoleApp2\ConsoleApp2.csproj", "{FA2FE958-B493-4F21-BBB4-6741A8794282}"
EndProject
Project("{9A19103F-16F7-4668-BE54-9A1E7A4F7556}") = "ConsoleApp3", "ConsoleApp3\ConsoleApp3.csproj", "{3EF70724-7611-4C78-93AF-8D7EAECE3FA7}"
EndProject
Project("{2150E333-8FDC-42A3-9474-1A3956D46DE8}") = "Inheritance", "Inheritance", "{4E803D65-1B2F-4A5B-9B6B-730593E68FA0}"
EndProject
Project("{9A19103F-16F7-4668-BE54-9A1E7A4F7556}") = "ConsoleApp4", "ConsoleApp4\ConsoleApp4.csproj", "{9E1E1806-A6FC-4279-9881-482F769FE233}"
EndProject
Project("{2150E333-8FDC-42A3-9474-1A3956D46DE8}") = "Interface", "Interface", "{C152C385-78F4-4078-B258-80FE10594297}"
EndProject
Project("{2150E333-8FDC-42A3-9474-1A3956D46DE8}") = "InterfaceDemo", "InterfaceDemo", "{CD92D2CC-BA3A-4195-8A88-BB603DD6615D}"
EndProject
Project("{2150E333-8FDC-42A3-9474-1A3956D46DE8}") = "Interface1", "Interface1", "{F3432814-31C3-4C96-A771-3521E0B00F9C}"
EndProject
Project("{2150E333-8FDC-42A3-9474-1A3956D46DE8}") = "Interface2", "Interface2", "{9C04A0A2-AA54-471B-B93B-55CC86A6E040}"
EndProject
Project("{2150E333-8FDC-42A3-9474-1A3956D46DE8}") = "Interface3", "Interface3", "{51318F2A-F101-4664-B947-8E8341282846}"
EndProject
Project("{9A19103F-16F7-4668-BE54-9A1E7A4F7556}") = "ConsoleApp5", "ConsoleApp5\ConsoleApp5.csproj", "{9DD57270-2CE1-4F46-ABFD-FDCC06BC04C3}"
EndProject
Project("{9A19103F-16F7-4668-BE54-9A1E7A4F7556}") = "ConsoleApp6", "ConsoleApp6\ConsoleApp6.csproj", "{D8771329-3F58-4D99-95C7-909D4C3FA582}"
EndProject
Project("{9A19103F-16F7-4668-BE54-9A1E7A4F7556}") = "ConsoleApp7", "ConsoleApp7\ConsoleApp7.csproj", "{C89CB65F-6173-4ECC-8718-680E937BD00A}"
EndProject
Project("{9A19103F-16F7-4668-BE54-9A1E7A4F7556}") = "ConsoleApp8", "ConsoleApp8\ConsoleApp8.csproj", "{635685C1-C7FD-4A42-AA03-035E9D7942AC}"
EndProject
Project("{2150E333-8FDC-42A3-9474-1A3956D46DE8}") = "Miscellaneous", "Miscellaneous", "{D1675F13-1F13-4148-BD97-5033DDDEEFA0}"
EndProject
Project("{2150E333-8FDC-42A3-9474-1A3956D46DE8}") = "Array", "Array", "{7F37C832-5FC1-429F-9F40-AA8A90B76BB5}"
EndProject
Project("{9A19103F-16F7-4668-BE54-9A1E7A4F7556}") = "ConsoleApp9", "ConsoleApp9\ConsoleApp9.csproj", "{26E4408B-C2F4-4732-970C-6348EA2336CD}"
EndProject
Project("{2150E333-8FDC-42A3-9474-1A3956D46DE8}") = "Methods", "Methods", "{864C66D2-1600-4BB0-9294-0705C6AF5CB4}"
EndProject
Project("{9A19103F-16F7-4668-BE54-9A1E7A4F7556}") = "ConsoleApp10", "ConsoleApp10\ConsoleApp10.csproj", "{B393587B-B7A1-44CB-91E9-5A536E53BC12}"
EndProject
Project("{2150E333-8FDC-42A3-9474-1A3956D46DE8}") = "MethodOverloading", "MethodOverloading", "{006D07EF-02DD-4EB6-AE51-751E6A26733E}"
EndProject
Project("{9A19103F-16F7-4668-BE54-9A1E7A4F7556}") = "ConsoleApp11", "ConsoleApp11\ConsoleApp11.csproj", "{F9414C47-2B37-4FE6-B039-EEB4A3F6511A}"
EndProject
Project("{2150E333-8FDC-42A3-9474-1A3956D46DE8}") = "Params", "Params", "{D448A86A-9DA5-4AD6-97BB-BA9A6F90472A}"
EndProject
Project("{9A19103F-16F7-4668-BE54-9A1E7A4F7556}") = "Params", "Params\Params.csproj", "{045F3CAC-F450-4178-BB21-0F984C58F292}"
EndProject
Project("{2150E333-8FDC-42A3-9474-1A3956D46DE8}") = "PrimeNumber", "PrimeNumber", "{E99C9543-7269-48FC-94D8-64EAE87DB49F}"
EndProject
Project("{9A19103F-16F7-4668-BE54-9A1E7A4F7556}") = "PrimeNumber", "PrimeNumber\PrimeNumber.csproj", "{EABA086A-07F9-4762-81FF-E644792FE620}"
EndProject
Project("{2150E333-8FDC-42A3-9474-1A3956D46DE8}") = "RecapDemo2", "RecapDemo2", "{CABDFCFB-6D44-4CDF-B555-F0D16FBC471B}"
EndProject
Project("{9A19103F-16F7-4668-BE54-9A1E7A4F7556}") = "RecapDemo2", "RecapDemo2\RecapDemo2.csproj", "{A44D66CB-5A58-4717-86F0-9EE447199760}"
EndProject
Project("{2150E333-8FDC-42A3-9474-1A3956D46DE8}") = "ReferanceAndValueType", "ReferanceAndValueType", "{1035EBD6-CE4F-4A62-8AA9-B8F7F70B02E3}"
EndProject
Project("{9A19103F-16F7-4668-BE54-9A1E7A4F7556}") = "ReferanceAndValueType", "ReferanceAndValueType\ReferanceAndValueType.csproj", "{537A94FC-D020-44F1-BF2E-188709D53DCA}"
EndProject
Project("{2150E333-8FDC-42A3-9474-1A3956D46DE8}") = "RefOut", "RefOut", "{D4DC94ED-6C00-4C70-9F42-644EC2C13A9B}"
EndProject
Project("{9A19103F-16F7-4668-BE54-9A1E7A4F7556}") = "RefOut", "RefOut\RefOut.csproj", "{01632CE0-C70A-4792-B457-12ECCA06579A}"
EndProject
Project("{2150E333-8FDC-42A3-9474-1A3956D46DE8}") = "VirtualMethods", "VirtualMethods", "{803441D8-C388-4B24-BACB-F0B9143CB9F7}"
EndProject
Project("{9A19103F-16F7-4668-BE54-9A1E7A4F7556}") = "VirtualMethods", "VirtualMethods\VirtualMethods.csproj", "{4649D37D-BFBC-4FCE-A1DC-A55A8B920C8A}"
EndProject
Project("{2150E333-8FDC-42A3-9474-1A3956D46DE8}") = "Reflection", "Reflection", "{EB54CA22-C7AE-4E06-9BC1-68D35F1F55AE}"
EndProject
Project("{2150E333-8FDC-42A3-9474-1A3956D46DE8}") = "Giriş", "Giriş", "{7B6148A3-29FB-422C-85A6-FDBEF77697B1}"
EndProject
Project("{9A19103F-16F7-4668-BE54-9A1E7A4F7556}") = "Giriş", "Giriş\Giriş.csproj", "{CF31F4DC-A63D-417B-ADC6-A6AD299A4FAC}"
EndProject
Project("{2150E333-8FDC-42A3-9474-1A3956D46DE8}") = "InvokeVeInfo", "InvokeVeInfo", "{1AC29012-50B9-4055-962D-18A06E3817D5}"
EndProject
Project("{FAE04EC0-301F-11D3-BF4B-00C04F79EFBC}") = "InvokeInfo", "InvokeInfo\InvokeInfo.csproj", "{B63C02DB-B28A-447C-B114-FB07EEC4B98F}"
EndProject
Project("{2150E333-8FDC-42A3-9474-1A3956D46DE8}") = "Details", "Details", "{D2B3C907-725D-459F-9333-D112C3BB81CE}"
EndProject
Project("{FAE04EC0-301F-11D3-BF4B-00C04F79EFBC}") = "Details", "Details\Details.csproj", "{5431B250-BA83-46A3-AC36-2E183CD04217}"
EndProject
Project("{2150E333-8FDC-42A3-9474-1A3956D46DE8}") = "Delegates", "Delegates", "{C7EFFC71-B658-4658-A7E5-321A90E74063}"
EndProject
Project("{2150E333-8FDC-42A3-9474-1A3956D46DE8}") = "Giriş", "Giriş", "{4FFCDB52-8A71-4E49-8E29-B4C22BD0CE1E}"
EndProject
Project("{FAE04EC0-301F-11D3-BF4B-00C04F79EFBC}") = "Giris", "Giris\Giris.csproj", "{0173CA1C-1823-433F-ADCD-CB8D37C9BBA2}"
EndProject
Project("{2150E333-8FDC-42A3-9474-1A3956D46DE8}") = "Actions", "Actions", "{3DA5183B-D28E-4860-B4C2-45160579D795}"
EndProject
Project("{FAE04EC0-301F-11D3-BF4B-00C04F79EFBC}") = "Action1", "Action\Action1.csproj", "{9480F291-BD85-4394-B960-22B19FD2D21A}"
EndProject
Project("{2150E333-8FDC-42A3-9474-1A3956D46DE8}") = "Func", "Func", "{3DC29D03-803F-4227-963E-B9B10B64E049}"
EndProject
Project("{FAE04EC0-301F-11D3-BF4B-00C04F79EFBC}") = "Func", "Func\Func.csproj", "{940FCD35-9EB4-4F1A-9D56-AD7108E2BAA5}"
EndProject
Project("{2150E333-8FDC-42A3-9474-1A3956D46DE8}") = "Events", "Events", "{AB404109-0177-48D7-B62A-9BEEC883D4AE}"
EndProject
Project("{2150E333-8FDC-42A3-9474-1A3956D46DE8}") = "EventGiris", "EventGiris", "{D7885E6B-CB92-43BE-A42D-77086D1077A4}"
EndProject
Project("{FAE04EC0-301F-11D3-BF4B-00C04F79EFBC}") = "EventIntro", "EventIntro\EventIntro.csproj", "{A1B3E3EC-9E7E-409D-80EB-0A74AC4A0F65}"
EndProject
Global
	GlobalSection(SolutionConfigurationPlatforms) = preSolution
		Debug|Any CPU = Debug|Any CPU
		Release|Any CPU = Release|Any CPU
	EndGlobalSection
	GlobalSection(ProjectConfigurationPlatforms) = postSolution
		{D98026B8-7EF6-4D90-BBFF-F0C6CCB585E9}.Debug|Any CPU.ActiveCfg = Debug|Any CPU
		{D98026B8-7EF6-4D90-BBFF-F0C6CCB585E9}.Debug|Any CPU.Build.0 = Debug|Any CPU
		{D98026B8-7EF6-4D90-BBFF-F0C6CCB585E9}.Release|Any CPU.ActiveCfg = Release|Any CPU
		{D98026B8-7EF6-4D90-BBFF-F0C6CCB585E9}.Release|Any CPU.Build.0 = Release|Any CPU
		{1F442847-F870-4BFF-A2C8-3F4D588E53CA}.Debug|Any CPU.ActiveCfg = Debug|Any CPU
		{1F442847-F870-4BFF-A2C8-3F4D588E53CA}.Debug|Any CPU.Build.0 = Debug|Any CPU
		{1F442847-F870-4BFF-A2C8-3F4D588E53CA}.Release|Any CPU.ActiveCfg = Release|Any CPU
		{1F442847-F870-4BFF-A2C8-3F4D588E53CA}.Release|Any CPU.Build.0 = Release|Any CPU
		{BD9CB582-7DD0-4DE5-89A6-A534A1286014}.Debug|Any CPU.ActiveCfg = Debug|Any CPU
		{BD9CB582-7DD0-4DE5-89A6-A534A1286014}.Debug|Any CPU.Build.0 = Debug|Any CPU
		{BD9CB582-7DD0-4DE5-89A6-A534A1286014}.Release|Any CPU.ActiveCfg = Release|Any CPU
		{BD9CB582-7DD0-4DE5-89A6-A534A1286014}.Release|Any CPU.Build.0 = Release|Any CPU
		{1AA028D0-A079-4E74-8513-83CBD558C40A}.Debug|Any CPU.ActiveCfg = Debug|Any CPU
		{1AA028D0-A079-4E74-8513-83CBD558C40A}.Debug|Any CPU.Build.0 = Debug|Any CPU
		{1AA028D0-A079-4E74-8513-83CBD558C40A}.Release|Any CPU.ActiveCfg = Release|Any CPU
		{1AA028D0-A079-4E74-8513-83CBD558C40A}.Release|Any CPU.Build.0 = Release|Any CPU
		{DBBEDB79-F572-4EB9-A771-AF37AA77B6F7}.Debug|Any CPU.ActiveCfg = Debug|Any CPU
		{DBBEDB79-F572-4EB9-A771-AF37AA77B6F7}.Debug|Any CPU.Build.0 = Debug|Any CPU
		{DBBEDB79-F572-4EB9-A771-AF37AA77B6F7}.Release|Any CPU.ActiveCfg = Release|Any CPU
		{DBBEDB79-F572-4EB9-A771-AF37AA77B6F7}.Release|Any CPU.Build.0 = Release|Any CPU
		{C81BFB9B-2CEF-4506-B6B2-7E837A6A8863}.Debug|Any CPU.ActiveCfg = Debug|Any CPU
		{C81BFB9B-2CEF-4506-B6B2-7E837A6A8863}.Debug|Any CPU.Build.0 = Debug|Any CPU
		{C81BFB9B-2CEF-4506-B6B2-7E837A6A8863}.Release|Any CPU.ActiveCfg = Release|Any CPU
		{C81BFB9B-2CEF-4506-B6B2-7E837A6A8863}.Release|Any CPU.Build.0 = Release|Any CPU
		{B5DAD1E6-8653-4665-A714-77DCC4E69CD1}.Debug|Any CPU.ActiveCfg = Debug|Any CPU
		{B5DAD1E6-8653-4665-A714-77DCC4E69CD1}.Debug|Any CPU.Build.0 = Debug|Any CPU
		{B5DAD1E6-8653-4665-A714-77DCC4E69CD1}.Release|Any CPU.ActiveCfg = Release|Any CPU
		{B5DAD1E6-8653-4665-A714-77DCC4E69CD1}.Release|Any CPU.Build.0 = Release|Any CPU
		{05B65BE6-6E60-4587-B561-171E424034D9}.Debug|Any CPU.ActiveCfg = Debug|Any CPU
		{05B65BE6-6E60-4587-B561-171E424034D9}.Debug|Any CPU.Build.0 = Debug|Any CPU
		{05B65BE6-6E60-4587-B561-171E424034D9}.Release|Any CPU.ActiveCfg = Release|Any CPU
		{05B65BE6-6E60-4587-B561-171E424034D9}.Release|Any CPU.Build.0 = Release|Any CPU
		{AEDE5AC4-F0EC-48FC-B247-BFD51B6A7FE8}.Debug|Any CPU.ActiveCfg = Debug|Any CPU
		{AEDE5AC4-F0EC-48FC-B247-BFD51B6A7FE8}.Debug|Any CPU.Build.0 = Debug|Any CPU
		{AEDE5AC4-F0EC-48FC-B247-BFD51B6A7FE8}.Release|Any CPU.ActiveCfg = Release|Any CPU
		{AEDE5AC4-F0EC-48FC-B247-BFD51B6A7FE8}.Release|Any CPU.Build.0 = Release|Any CPU
		{D92E16F3-2EBF-4B0E-9DAA-314EBC852EB3}.Debug|Any CPU.ActiveCfg = Debug|Any CPU
		{D92E16F3-2EBF-4B0E-9DAA-314EBC852EB3}.Debug|Any CPU.Build.0 = Debug|Any CPU
		{D92E16F3-2EBF-4B0E-9DAA-314EBC852EB3}.Release|Any CPU.ActiveCfg = Release|Any CPU
		{D92E16F3-2EBF-4B0E-9DAA-314EBC852EB3}.Release|Any CPU.Build.0 = Release|Any CPU
		{152BAD2C-0023-406D-A9A2-319D4EABD003}.Debug|Any CPU.ActiveCfg = Debug|Any CPU
		{152BAD2C-0023-406D-A9A2-319D4EABD003}.Debug|Any CPU.Build.0 = Debug|Any CPU
		{152BAD2C-0023-406D-A9A2-319D4EABD003}.Release|Any CPU.ActiveCfg = Release|Any CPU
		{152BAD2C-0023-406D-A9A2-319D4EABD003}.Release|Any CPU.Build.0 = Release|Any CPU
		{3085C2FD-4044-4DEC-AFD6-F262F11BE09D}.Debug|Any CPU.ActiveCfg = Debug|Any CPU
		{3085C2FD-4044-4DEC-AFD6-F262F11BE09D}.Debug|Any CPU.Build.0 = Debug|Any CPU
		{3085C2FD-4044-4DEC-AFD6-F262F11BE09D}.Release|Any CPU.ActiveCfg = Release|Any CPU
		{3085C2FD-4044-4DEC-AFD6-F262F11BE09D}.Release|Any CPU.Build.0 = Release|Any CPU
		{CFD1012B-9305-4B6D-BB08-CBE1E0A2F96C}.Debug|Any CPU.ActiveCfg = Debug|Any CPU
		{CFD1012B-9305-4B6D-BB08-CBE1E0A2F96C}.Debug|Any CPU.Build.0 = Debug|Any CPU
		{CFD1012B-9305-4B6D-BB08-CBE1E0A2F96C}.Release|Any CPU.ActiveCfg = Release|Any CPU
		{CFD1012B-9305-4B6D-BB08-CBE1E0A2F96C}.Release|Any CPU.Build.0 = Release|Any CPU
		{CCFD2455-8EC6-4C95-A20F-4921743E0237}.Debug|Any CPU.ActiveCfg = Debug|Any CPU
		{CCFD2455-8EC6-4C95-A20F-4921743E0237}.Debug|Any CPU.Build.0 = Debug|Any CPU
		{CCFD2455-8EC6-4C95-A20F-4921743E0237}.Release|Any CPU.ActiveCfg = Release|Any CPU
		{CCFD2455-8EC6-4C95-A20F-4921743E0237}.Release|Any CPU.Build.0 = Release|Any CPU
		{988B8515-C9E6-45F4-9EA0-8FAFA53B3E94}.Debug|Any CPU.ActiveCfg = Debug|Any CPU
		{988B8515-C9E6-45F4-9EA0-8FAFA53B3E94}.Debug|Any CPU.Build.0 = Debug|Any CPU
		{988B8515-C9E6-45F4-9EA0-8FAFA53B3E94}.Release|Any CPU.ActiveCfg = Release|Any CPU
		{988B8515-C9E6-45F4-9EA0-8FAFA53B3E94}.Release|Any CPU.Build.0 = Release|Any CPU
		{A4BE1678-848E-4037-920A-F7D01C1997B1}.Debug|Any CPU.ActiveCfg = Debug|Any CPU
		{A4BE1678-848E-4037-920A-F7D01C1997B1}.Debug|Any CPU.Build.0 = Debug|Any CPU
		{A4BE1678-848E-4037-920A-F7D01C1997B1}.Release|Any CPU.ActiveCfg = Release|Any CPU
		{A4BE1678-848E-4037-920A-F7D01C1997B1}.Release|Any CPU.Build.0 = Release|Any CPU
		{94695828-06DD-49BF-89CD-4FF18C505B4E}.Debug|Any CPU.ActiveCfg = Debug|Any CPU
		{94695828-06DD-49BF-89CD-4FF18C505B4E}.Debug|Any CPU.Build.0 = Debug|Any CPU
		{94695828-06DD-49BF-89CD-4FF18C505B4E}.Release|Any CPU.ActiveCfg = Release|Any CPU
		{94695828-06DD-49BF-89CD-4FF18C505B4E}.Release|Any CPU.Build.0 = Release|Any CPU
		{98DF67CD-2FFA-4856-9A4F-403AD41E76CA}.Debug|Any CPU.ActiveCfg = Debug|Any CPU
		{98DF67CD-2FFA-4856-9A4F-403AD41E76CA}.Debug|Any CPU.Build.0 = Debug|Any CPU
		{98DF67CD-2FFA-4856-9A4F-403AD41E76CA}.Release|Any CPU.ActiveCfg = Release|Any CPU
		{98DF67CD-2FFA-4856-9A4F-403AD41E76CA}.Release|Any CPU.Build.0 = Release|Any CPU
		{FA2FE958-B493-4F21-BBB4-6741A8794282}.Debug|Any CPU.ActiveCfg = Debug|Any CPU
		{FA2FE958-B493-4F21-BBB4-6741A8794282}.Debug|Any CPU.Build.0 = Debug|Any CPU
		{FA2FE958-B493-4F21-BBB4-6741A8794282}.Release|Any CPU.ActiveCfg = Release|Any CPU
		{FA2FE958-B493-4F21-BBB4-6741A8794282}.Release|Any CPU.Build.0 = Release|Any CPU
		{3EF70724-7611-4C78-93AF-8D7EAECE3FA7}.Debug|Any CPU.ActiveCfg = Debug|Any CPU
		{3EF70724-7611-4C78-93AF-8D7EAECE3FA7}.Debug|Any CPU.Build.0 = Debug|Any CPU
		{3EF70724-7611-4C78-93AF-8D7EAECE3FA7}.Release|Any CPU.ActiveCfg = Release|Any CPU
		{3EF70724-7611-4C78-93AF-8D7EAECE3FA7}.Release|Any CPU.Build.0 = Release|Any CPU
		{9E1E1806-A6FC-4279-9881-482F769FE233}.Debug|Any CPU.ActiveCfg = Debug|Any CPU
		{9E1E1806-A6FC-4279-9881-482F769FE233}.Debug|Any CPU.Build.0 = Debug|Any CPU
		{9E1E1806-A6FC-4279-9881-482F769FE233}.Release|Any CPU.ActiveCfg = Release|Any CPU
		{9E1E1806-A6FC-4279-9881-482F769FE233}.Release|Any CPU.Build.0 = Release|Any CPU
		{9DD57270-2CE1-4F46-ABFD-FDCC06BC04C3}.Debug|Any CPU.ActiveCfg = Debug|Any CPU
		{9DD57270-2CE1-4F46-ABFD-FDCC06BC04C3}.Debug|Any CPU.Build.0 = Debug|Any CPU
		{9DD57270-2CE1-4F46-ABFD-FDCC06BC04C3}.Release|Any CPU.ActiveCfg = Release|Any CPU
		{9DD57270-2CE1-4F46-ABFD-FDCC06BC04C3}.Release|Any CPU.Build.0 = Release|Any CPU
		{D8771329-3F58-4D99-95C7-909D4C3FA582}.Debug|Any CPU.ActiveCfg = Debug|Any CPU
		{D8771329-3F58-4D99-95C7-909D4C3FA582}.Debug|Any CPU.Build.0 = Debug|Any CPU
		{D8771329-3F58-4D99-95C7-909D4C3FA582}.Release|Any CPU.ActiveCfg = Release|Any CPU
		{D8771329-3F58-4D99-95C7-909D4C3FA582}.Release|Any CPU.Build.0 = Release|Any CPU
		{C89CB65F-6173-4ECC-8718-680E937BD00A}.Debug|Any CPU.ActiveCfg = Debug|Any CPU
		{C89CB65F-6173-4ECC-8718-680E937BD00A}.Debug|Any CPU.Build.0 = Debug|Any CPU
		{C89CB65F-6173-4ECC-8718-680E937BD00A}.Release|Any CPU.ActiveCfg = Release|Any CPU
		{C89CB65F-6173-4ECC-8718-680E937BD00A}.Release|Any CPU.Build.0 = Release|Any CPU
		{635685C1-C7FD-4A42-AA03-035E9D7942AC}.Debug|Any CPU.ActiveCfg = Debug|Any CPU
		{635685C1-C7FD-4A42-AA03-035E9D7942AC}.Debug|Any CPU.Build.0 = Debug|Any CPU
		{635685C1-C7FD-4A42-AA03-035E9D7942AC}.Release|Any CPU.ActiveCfg = Release|Any CPU
		{635685C1-C7FD-4A42-AA03-035E9D7942AC}.Release|Any CPU.Build.0 = Release|Any CPU
		{26E4408B-C2F4-4732-970C-6348EA2336CD}.Debug|Any CPU.ActiveCfg = Debug|Any CPU
		{26E4408B-C2F4-4732-970C-6348EA2336CD}.Debug|Any CPU.Build.0 = Debug|Any CPU
		{26E4408B-C2F4-4732-970C-6348EA2336CD}.Release|Any CPU.ActiveCfg = Release|Any CPU
		{26E4408B-C2F4-4732-970C-6348EA2336CD}.Release|Any CPU.Build.0 = Release|Any CPU
		{B393587B-B7A1-44CB-91E9-5A536E53BC12}.Debug|Any CPU.ActiveCfg = Debug|Any CPU
		{B393587B-B7A1-44CB-91E9-5A536E53BC12}.Debug|Any CPU.Build.0 = Debug|Any CPU
		{B393587B-B7A1-44CB-91E9-5A536E53BC12}.Release|Any CPU.ActiveCfg = Release|Any CPU
		{B393587B-B7A1-44CB-91E9-5A536E53BC12}.Release|Any CPU.Build.0 = Release|Any CPU
		{F9414C47-2B37-4FE6-B039-EEB4A3F6511A}.Debug|Any CPU.ActiveCfg = Debug|Any CPU
		{F9414C47-2B37-4FE6-B039-EEB4A3F6511A}.Debug|Any CPU.Build.0 = Debug|Any CPU
		{F9414C47-2B37-4FE6-B039-EEB4A3F6511A}.Release|Any CPU.ActiveCfg = Release|Any CPU
		{F9414C47-2B37-4FE6-B039-EEB4A3F6511A}.Release|Any CPU.Build.0 = Release|Any CPU
		{045F3CAC-F450-4178-BB21-0F984C58F292}.Debug|Any CPU.ActiveCfg = Debug|Any CPU
		{045F3CAC-F450-4178-BB21-0F984C58F292}.Debug|Any CPU.Build.0 = Debug|Any CPU
		{045F3CAC-F450-4178-BB21-0F984C58F292}.Release|Any CPU.ActiveCfg = Release|Any CPU
		{045F3CAC-F450-4178-BB21-0F984C58F292}.Release|Any CPU.Build.0 = Release|Any CPU
		{EABA086A-07F9-4762-81FF-E644792FE620}.Debug|Any CPU.ActiveCfg = Debug|Any CPU
		{EABA086A-07F9-4762-81FF-E644792FE620}.Debug|Any CPU.Build.0 = Debug|Any CPU
		{EABA086A-07F9-4762-81FF-E644792FE620}.Release|Any CPU.ActiveCfg = Release|Any CPU
		{EABA086A-07F9-4762-81FF-E644792FE620}.Release|Any CPU.Build.0 = Release|Any CPU
		{A44D66CB-5A58-4717-86F0-9EE447199760}.Debug|Any CPU.ActiveCfg = Debug|Any CPU
		{A44D66CB-5A58-4717-86F0-9EE447199760}.Debug|Any CPU.Build.0 = Debug|Any CPU
		{A44D66CB-5A58-4717-86F0-9EE447199760}.Release|Any CPU.ActiveCfg = Release|Any CPU
		{A44D66CB-5A58-4717-86F0-9EE447199760}.Release|Any CPU.Build.0 = Release|Any CPU
		{537A94FC-D020-44F1-BF2E-188709D53DCA}.Debug|Any CPU.ActiveCfg = Debug|Any CPU
		{537A94FC-D020-44F1-BF2E-188709D53DCA}.Debug|Any CPU.Build.0 = Debug|Any CPU
		{537A94FC-D020-44F1-BF2E-188709D53DCA}.Release|Any CPU.ActiveCfg = Release|Any CPU
		{537A94FC-D020-44F1-BF2E-188709D53DCA}.Release|Any CPU.Build.0 = Release|Any CPU
		{01632CE0-C70A-4792-B457-12ECCA06579A}.Debug|Any CPU.ActiveCfg = Debug|Any CPU
		{01632CE0-C70A-4792-B457-12ECCA06579A}.Debug|Any CPU.Build.0 = Debug|Any CPU
		{01632CE0-C70A-4792-B457-12ECCA06579A}.Release|Any CPU.ActiveCfg = Release|Any CPU
		{01632CE0-C70A-4792-B457-12ECCA06579A}.Release|Any CPU.Build.0 = Release|Any CPU
		{4649D37D-BFBC-4FCE-A1DC-A55A8B920C8A}.Debug|Any CPU.ActiveCfg = Debug|Any CPU
		{4649D37D-BFBC-4FCE-A1DC-A55A8B920C8A}.Debug|Any CPU.Build.0 = Debug|Any CPU
		{4649D37D-BFBC-4FCE-A1DC-A55A8B920C8A}.Release|Any CPU.ActiveCfg = Release|Any CPU
		{4649D37D-BFBC-4FCE-A1DC-A55A8B920C8A}.Release|Any CPU.Build.0 = Release|Any CPU
		{CF31F4DC-A63D-417B-ADC6-A6AD299A4FAC}.Debug|Any CPU.ActiveCfg = Debug|Any CPU
		{CF31F4DC-A63D-417B-ADC6-A6AD299A4FAC}.Debug|Any CPU.Build.0 = Debug|Any CPU
		{CF31F4DC-A63D-417B-ADC6-A6AD299A4FAC}.Release|Any CPU.ActiveCfg = Release|Any CPU
		{CF31F4DC-A63D-417B-ADC6-A6AD299A4FAC}.Release|Any CPU.Build.0 = Release|Any CPU
		{B63C02DB-B28A-447C-B114-FB07EEC4B98F}.Debug|Any CPU.ActiveCfg = Debug|Any CPU
		{B63C02DB-B28A-447C-B114-FB07EEC4B98F}.Debug|Any CPU.Build.0 = Debug|Any CPU
		{B63C02DB-B28A-447C-B114-FB07EEC4B98F}.Release|Any CPU.ActiveCfg = Release|Any CPU
		{B63C02DB-B28A-447C-B114-FB07EEC4B98F}.Release|Any CPU.Build.0 = Release|Any CPU
		{5431B250-BA83-46A3-AC36-2E183CD04217}.Debug|Any CPU.ActiveCfg = Debug|Any CPU
		{5431B250-BA83-46A3-AC36-2E183CD04217}.Debug|Any CPU.Build.0 = Debug|Any CPU
		{5431B250-BA83-46A3-AC36-2E183CD04217}.Release|Any CPU.ActiveCfg = Release|Any CPU
		{5431B250-BA83-46A3-AC36-2E183CD04217}.Release|Any CPU.Build.0 = Release|Any CPU
		{0173CA1C-1823-433F-ADCD-CB8D37C9BBA2}.Debug|Any CPU.ActiveCfg = Debug|Any CPU
		{0173CA1C-1823-433F-ADCD-CB8D37C9BBA2}.Debug|Any CPU.Build.0 = Debug|Any CPU
		{0173CA1C-1823-433F-ADCD-CB8D37C9BBA2}.Release|Any CPU.ActiveCfg = Release|Any CPU
		{0173CA1C-1823-433F-ADCD-CB8D37C9BBA2}.Release|Any CPU.Build.0 = Release|Any CPU
		{9480F291-BD85-4394-B960-22B19FD2D21A}.Debug|Any CPU.ActiveCfg = Debug|Any CPU
		{9480F291-BD85-4394-B960-22B19FD2D21A}.Debug|Any CPU.Build.0 = Debug|Any CPU
		{9480F291-BD85-4394-B960-22B19FD2D21A}.Release|Any CPU.ActiveCfg = Release|Any CPU
		{9480F291-BD85-4394-B960-22B19FD2D21A}.Release|Any CPU.Build.0 = Release|Any CPU
		{940FCD35-9EB4-4F1A-9D56-AD7108E2BAA5}.Debug|Any CPU.ActiveCfg = Debug|Any CPU
		{940FCD35-9EB4-4F1A-9D56-AD7108E2BAA5}.Debug|Any CPU.Build.0 = Debug|Any CPU
		{940FCD35-9EB4-4F1A-9D56-AD7108E2BAA5}.Release|Any CPU.ActiveCfg = Release|Any CPU
		{940FCD35-9EB4-4F1A-9D56-AD7108E2BAA5}.Release|Any CPU.Build.0 = Release|Any CPU
		{A1B3E3EC-9E7E-409D-80EB-0A74AC4A0F65}.Debug|Any CPU.ActiveCfg = Debug|Any CPU
		{A1B3E3EC-9E7E-409D-80EB-0A74AC4A0F65}.Debug|Any CPU.Build.0 = Debug|Any CPU
		{A1B3E3EC-9E7E-409D-80EB-0A74AC4A0F65}.Release|Any CPU.ActiveCfg = Release|Any CPU
		{A1B3E3EC-9E7E-409D-80EB-0A74AC4A0F65}.Release|Any CPU.Build.0 = Release|Any CPU
	EndGlobalSection
	GlobalSection(SolutionProperties) = preSolution
		HideSolutionNode = FALSE
	EndGlobalSection
	GlobalSection(NestedProjects) = preSolution
		{D98026B8-7EF6-4D90-BBFF-F0C6CCB585E9} = {4D0C6AEF-2726-4CDA-A589-050A6ECF5398}
		{1F442847-F870-4BFF-A2C8-3F4D588E53CA} = {7D1FAF1E-90DD-4F95-BD75-F4684B7B2809}
		{1E722D16-515D-4BAA-8AE3-788897607D54} = {75CACEB6-A1B3-4744-9C2E-EC1053C62552}
		{93B216F4-FD69-428C-A88E-22582F72BF60} = {75CACEB6-A1B3-4744-9C2E-EC1053C62552}
		{BD9CB582-7DD0-4DE5-89A6-A534A1286014} = {1E722D16-515D-4BAA-8AE3-788897607D54}
		{1AA028D0-A079-4E74-8513-83CBD558C40A} = {93B216F4-FD69-428C-A88E-22582F72BF60}
		{DBBEDB79-F572-4EB9-A771-AF37AA77B6F7} = {2B6091A5-FFD1-42AF-9F6C-5C081F92A993}
		{EEA4ACF5-86C7-4482-8BA1-F1338B112FCA} = {381CFAC0-AF07-4345-90F1-0AF8BC7F4D21}
		{695E5AD3-33D2-4A99-9818-C28B6A772378} = {381CFAC0-AF07-4345-90F1-0AF8BC7F4D21}
		{46D2D57E-6D67-49F1-AFFA-B493F2708C49} = {381CFAC0-AF07-4345-90F1-0AF8BC7F4D21}
		{0B9C5004-1001-4EB8-B24E-A64A5479E4E0} = {381CFAC0-AF07-4345-90F1-0AF8BC7F4D21}
		{C81BFB9B-2CEF-4506-B6B2-7E837A6A8863} = {EEA4ACF5-86C7-4482-8BA1-F1338B112FCA}
		{B5DAD1E6-8653-4665-A714-77DCC4E69CD1} = {695E5AD3-33D2-4A99-9818-C28B6A772378}
		{05B65BE6-6E60-4587-B561-171E424034D9} = {46D2D57E-6D67-49F1-AFFA-B493F2708C49}
		{AEDE5AC4-F0EC-48FC-B247-BFD51B6A7FE8} = {0B9C5004-1001-4EB8-B24E-A64A5479E4E0}
		{0815E4AD-97EA-457B-8CCC-1B53075A084E} = {67807707-230C-4F1E-9C95-831CB0332F35}
		{4AC2B77E-AF67-4692-ADB8-633FC7B2332E} = {67807707-230C-4F1E-9C95-831CB0332F35}
		{BDABA529-EC19-4F97-9A89-332CD93B7C18} = {67807707-230C-4F1E-9C95-831CB0332F35}
		{3D980500-B11C-44C6-9388-D443281EEE79} = {67807707-230C-4F1E-9C95-831CB0332F35}
		{A14AA206-254C-4E35-92D8-3C37148D3138} = {67807707-230C-4F1E-9C95-831CB0332F35}
		{D92E16F3-2EBF-4B0E-9DAA-314EBC852EB3} = {0815E4AD-97EA-457B-8CCC-1B53075A084E}
		{152BAD2C-0023-406D-A9A2-319D4EABD003} = {4AC2B77E-AF67-4692-ADB8-633FC7B2332E}
		{3085C2FD-4044-4DEC-AFD6-F262F11BE09D} = {BDABA529-EC19-4F97-9A89-332CD93B7C18}
		{CFD1012B-9305-4B6D-BB08-CBE1E0A2F96C} = {3D980500-B11C-44C6-9388-D443281EEE79}
		{CCFD2455-8EC6-4C95-A20F-4921743E0237} = {A14AA206-254C-4E35-92D8-3C37148D3138}
		{C08E6624-EBB6-468D-8F84-143AAE574E3C} = {F6E4A0D0-7B26-435B-BC30-F051ADA406E1}
		{26FC4FF9-84EF-43DC-BFF3-A76A8F952E23} = {F6E4A0D0-7B26-435B-BC30-F051ADA406E1}
		{88389EB7-849D-44CF-9717-D908294F9F35} = {F6E4A0D0-7B26-435B-BC30-F051ADA406E1}
		{988B8515-C9E6-45F4-9EA0-8FAFA53B3E94} = {C08E6624-EBB6-468D-8F84-143AAE574E3C}
		{A4BE1678-848E-4037-920A-F7D01C1997B1} = {26FC4FF9-84EF-43DC-BFF3-A76A8F952E23}
		{94695828-06DD-49BF-89CD-4FF18C505B4E} = {88389EB7-849D-44CF-9717-D908294F9F35}
		{3CB162DE-6B57-40F3-A49A-7D479A0FF58C} = {E760B234-E02F-4B00-9C59-31790ACD7384}
		{DDF11A9F-2750-43A8-B0E2-547334CBA8D5} = {E760B234-E02F-4B00-9C59-31790ACD7384}
		{3D899A9F-B6D7-4689-94A2-9C080C63C2E7} = {E760B234-E02F-4B00-9C59-31790ACD7384}
		{98DF67CD-2FFA-4856-9A4F-403AD41E76CA} = {3CB162DE-6B57-40F3-A49A-7D479A0FF58C}
		{FA2FE958-B493-4F21-BBB4-6741A8794282} = {DDF11A9F-2750-43A8-B0E2-547334CBA8D5}
		{3EF70724-7611-4C78-93AF-8D7EAECE3FA7} = {3D899A9F-B6D7-4689-94A2-9C080C63C2E7}
		{9E1E1806-A6FC-4279-9881-482F769FE233} = {4E803D65-1B2F-4A5B-9B6B-730593E68FA0}
		{CD92D2CC-BA3A-4195-8A88-BB603DD6615D} = {C152C385-78F4-4078-B258-80FE10594297}
		{F3432814-31C3-4C96-A771-3521E0B00F9C} = {C152C385-78F4-4078-B258-80FE10594297}
		{9C04A0A2-AA54-471B-B93B-55CC86A6E040} = {C152C385-78F4-4078-B258-80FE10594297}
		{51318F2A-F101-4664-B947-8E8341282846} = {C152C385-78F4-4078-B258-80FE10594297}
		{9DD57270-2CE1-4F46-ABFD-FDCC06BC04C3} = {F3432814-31C3-4C96-A771-3521E0B00F9C}
		{D8771329-3F58-4D99-95C7-909D4C3FA582} = {9C04A0A2-AA54-471B-B93B-55CC86A6E040}
		{C89CB65F-6173-4ECC-8718-680E937BD00A} = {51318F2A-F101-4664-B947-8E8341282846}
		{635685C1-C7FD-4A42-AA03-035E9D7942AC} = {CD92D2CC-BA3A-4195-8A88-BB603DD6615D}
		{7F37C832-5FC1-429F-9F40-AA8A90B76BB5} = {D1675F13-1F13-4148-BD97-5033DDDEEFA0}
		{26E4408B-C2F4-4732-970C-6348EA2336CD} = {7F37C832-5FC1-429F-9F40-AA8A90B76BB5}
		{864C66D2-1600-4BB0-9294-0705C6AF5CB4} = {D1675F13-1F13-4148-BD97-5033DDDEEFA0}
		{B393587B-B7A1-44CB-91E9-5A536E53BC12} = {864C66D2-1600-4BB0-9294-0705C6AF5CB4}
		{006D07EF-02DD-4EB6-AE51-751E6A26733E} = {D1675F13-1F13-4148-BD97-5033DDDEEFA0}
		{F9414C47-2B37-4FE6-B039-EEB4A3F6511A} = {006D07EF-02DD-4EB6-AE51-751E6A26733E}
		{D448A86A-9DA5-4AD6-97BB-BA9A6F90472A} = {D1675F13-1F13-4148-BD97-5033DDDEEFA0}
		{045F3CAC-F450-4178-BB21-0F984C58F292} = {D448A86A-9DA5-4AD6-97BB-BA9A6F90472A}
		{E99C9543-7269-48FC-94D8-64EAE87DB49F} = {D1675F13-1F13-4148-BD97-5033DDDEEFA0}
		{EABA086A-07F9-4762-81FF-E644792FE620} = {E99C9543-7269-48FC-94D8-64EAE87DB49F}
		{CABDFCFB-6D44-4CDF-B555-F0D16FBC471B} = {D1675F13-1F13-4148-BD97-5033DDDEEFA0}
		{A44D66CB-5A58-4717-86F0-9EE447199760} = {CABDFCFB-6D44-4CDF-B555-F0D16FBC471B}
		{1035EBD6-CE4F-4A62-8AA9-B8F7F70B02E3} = {D1675F13-1F13-4148-BD97-5033DDDEEFA0}
		{537A94FC-D020-44F1-BF2E-188709D53DCA} = {1035EBD6-CE4F-4A62-8AA9-B8F7F70B02E3}
		{D4DC94ED-6C00-4C70-9F42-644EC2C13A9B} = {D1675F13-1F13-4148-BD97-5033DDDEEFA0}
		{01632CE0-C70A-4792-B457-12ECCA06579A} = {D4DC94ED-6C00-4C70-9F42-644EC2C13A9B}
		{803441D8-C388-4B24-BACB-F0B9143CB9F7} = {D1675F13-1F13-4148-BD97-5033DDDEEFA0}
		{4649D37D-BFBC-4FCE-A1DC-A55A8B920C8A} = {803441D8-C388-4B24-BACB-F0B9143CB9F7}
		{7B6148A3-29FB-422C-85A6-FDBEF77697B1} = {EB54CA22-C7AE-4E06-9BC1-68D35F1F55AE}
		{CF31F4DC-A63D-417B-ADC6-A6AD299A4FAC} = {7B6148A3-29FB-422C-85A6-FDBEF77697B1}
		{1AC29012-50B9-4055-962D-18A06E3817D5} = {EB54CA22-C7AE-4E06-9BC1-68D35F1F55AE}
		{B63C02DB-B28A-447C-B114-FB07EEC4B98F} = {1AC29012-50B9-4055-962D-18A06E3817D5}
		{D2B3C907-725D-459F-9333-D112C3BB81CE} = {EB54CA22-C7AE-4E06-9BC1-68D35F1F55AE}
		{5431B250-BA83-46A3-AC36-2E183CD04217} = {D2B3C907-725D-459F-9333-D112C3BB81CE}
		{4FFCDB52-8A71-4E49-8E29-B4C22BD0CE1E} = {C7EFFC71-B658-4658-A7E5-321A90E74063}
		{0173CA1C-1823-433F-ADCD-CB8D37C9BBA2} = {4FFCDB52-8A71-4E49-8E29-B4C22BD0CE1E}
		{3DA5183B-D28E-4860-B4C2-45160579D795} = {C7EFFC71-B658-4658-A7E5-321A90E74063}
		{9480F291-BD85-4394-B960-22B19FD2D21A} = {3DA5183B-D28E-4860-B4C2-45160579D795}
		{3DC29D03-803F-4227-963E-B9B10B64E049} = {C7EFFC71-B658-4658-A7E5-321A90E74063}
		{940FCD35-9EB4-4F1A-9D56-AD7108E2BAA5} = {3DC29D03-803F-4227-963E-B9B10B64E049}
		{D7885E6B-CB92-43BE-A42D-77086D1077A4} = {AB404109-0177-48D7-B62A-9BEEC883D4AE}
		{A1B3E3EC-9E7E-409D-80EB-0A74AC4A0F65} = {D7885E6B-CB92-43BE-A42D-77086D1077A4}
	EndGlobalSection
	GlobalSection(ExtensibilityGlobals) = postSolution
		SolutionGuid = {B94B7698-974E-44D0-B3BA-6489EDC13960}
	EndGlobalSection
EndGlobal
